
Microsoft Visual Studio Solution File, Format Version 12.00
# Visual Studio Version 16
VisualStudioVersion = 16.0.31702.278
MinimumVisualStudioVersion = 10.0.40219.1
Project("{FAE04EC0-301F-11D3-BF4B-00C04F79EFBC}") = "API-Filmes", "API-Filmes\API-Filmes.csproj", "{0CB7CC62-693E-4473-8DCF-DBC415E56B00}"
EndProject
Global
	GlobalSection(SolutionConfigurationPlatforms) = preSolution
		Debug|Any CPU = Debug|Any CPU
		Release|Any CPU = Release|Any CPU
	EndGlobalSection
	GlobalSection(ProjectConfigurationPlatforms) = postSolution
		{0CB7CC62-693E-4473-8DCF-DBC415E56B00}.Debug|Any CPU.ActiveCfg = Debug|Any CPU
		{0CB7CC62-693E-4473-8DCF-DBC415E56B00}.Debug|Any CPU.Build.0 = Debug|Any CPU
		{0CB7CC62-693E-4473-8DCF-DBC415E56B00}.Release|Any CPU.ActiveCfg = Release|Any CPU
		{0CB7CC62-693E-4473-8DCF-DBC415E56B00}.Release|Any CPU.Build.0 = Release|Any CPU
	EndGlobalSection
	GlobalSection(SolutionProperties) = preSolution
		HideSolutionNode = FALSE
	EndGlobalSection
	GlobalSection(ExtensibilityGlobals) = postSolution
		SolutionGuid = {A079B6F7-E890-4324-AF72-5C03D2738853}
	EndGlobalSection
EndGlobal
